
Microsoft Visual Studio Solution File, Format Version 12.00
# Visual Studio Version 17
VisualStudioVersion = 17.1.32228.430
MinimumVisualStudioVersion = 10.0.40219.1
Project("{FAE04EC0-301F-11D3-BF4B-00C04F79EFBC}") = "AccountingService", "AccountingService\AccountingService.csproj", "{C6086244-1374-41F0-8854-3501ECC7E1A2}"
EndProject
Global
	GlobalSection(SolutionConfigurationPlatforms) = preSolution
		Debug|Any CPU = Debug|Any CPU
		Release|Any CPU = Release|Any CPU
	EndGlobalSection
	GlobalSection(ProjectConfigurationPlatforms) = postSolution
		{C6086244-1374-41F0-8854-3501ECC7E1A2}.Debug|Any CPU.ActiveCfg = Debug|Any CPU
		{C6086244-1374-41F0-8854-3501ECC7E1A2}.Debug|Any CPU.Build.0 = Debug|Any CPU
		{C6086244-1374-41F0-8854-3501ECC7E1A2}.Release|Any CPU.ActiveCfg = Release|Any CPU
		{C6086244-1374-41F0-8854-3501ECC7E1A2}.Release|Any CPU.Build.0 = Release|Any CPU
	EndGlobalSection
	GlobalSection(SolutionProperties) = preSolution
		HideSolutionNode = FALSE
	EndGlobalSection
	GlobalSection(ExtensibilityGlobals) = postSolution
		SolutionGuid = {0D7C3A04-D0B2-4109-9AD0-832C2BE32903}
	EndGlobalSection
EndGlobal
